
Microsoft Visual Studio Solution File, Format Version 12.00
# Visual Studio Version 16
VisualStudioVersion = 16.0.31019.35
MinimumVisualStudioVersion = 10.0.40219.1
Project("{FAE04EC0-301F-11D3-BF4B-00C04F79EFBC}") = "C-Sharp-Exercise-7", "C-Sharp-Exercise-7.csproj", "{63524D34-3AF6-48F8-B71B-3356705477D8}"
EndProject
Global
	GlobalSection(SolutionConfigurationPlatforms) = preSolution
		Debug|Any CPU = Debug|Any CPU
		Release|Any CPU = Release|Any CPU
	EndGlobalSection
	GlobalSection(ProjectConfigurationPlatforms) = postSolution
		{63524D34-3AF6-48F8-B71B-3356705477D8}.Debug|Any CPU.ActiveCfg = Debug|Any CPU
		{63524D34-3AF6-48F8-B71B-3356705477D8}.Debug|Any CPU.Build.0 = Debug|Any CPU
		{63524D34-3AF6-48F8-B71B-3356705477D8}.Release|Any CPU.ActiveCfg = Release|Any CPU
		{63524D34-3AF6-48F8-B71B-3356705477D8}.Release|Any CPU.Build.0 = Release|Any CPU
	EndGlobalSection
	GlobalSection(SolutionProperties) = preSolution
		HideSolutionNode = FALSE
	EndGlobalSection
	GlobalSection(ExtensibilityGlobals) = postSolution
		SolutionGuid = {8D61BBC8-FC89-4656-8680-B76C8B30E58A}
	EndGlobalSection
EndGlobal
